{
  "name": "progetto_codifica_testi",
  "version": "1.0.0",
  "lockfileVersion": 1,
  "requires": true,
  "dependencies": {
    "alertifyjs": {
      "version": "1.11.0",
      "resolved": "https://registry.npmjs.org/alertifyjs/-/alertifyjs-1.11.0.tgz",
      "integrity": "sha512-PfsNJoSAENQeRc4bi3FUAYUdoLQ+GYlcR8kRPf7U9QecQGdYeUnN4WP8pKFcGiDpe1tZU8aElhxjdIMRugW5bA=="
    },
    "fullpage.js": {
      "version": "4.0.5",
      "resolved": "https://registry.npmjs.org/fullpage.js/-/fullpage.js-4.0.5.tgz",
      "integrity": "sha512-4OWRP08ogL35LwnNyDa8LNqRD0003HdolcVflfUyhMwAHVrpBNY9u1WYdAfnFEX7bd4vsermL7z22nmNqPWZvw=="
    },
    "hover.css": {
      "version": "2.2.1",
      "resolved": "https://registry.npmjs.org/hover.css/-/hover.css-2.2.1.tgz",
      "integrity": "sha1-EdgVJfeo+jO1ZPwyLAe0VLa8UaA="
    },
    "normalize.css": {
      "version": "7.0.0",
      "resolved": "https://registry.npmjs.org/normalize.css/-/normalize.css-7.0.0.tgz",
      "integrity": "sha1-q/sd2CRwZ04DIrU86xqvQSk45L8="
    },
    "popper.js": {
      "version": "1.12.9",
      "resolved": "https://registry.npmjs.org/popper.js/-/popper.js-1.12.9.tgz",
      "integrity": "sha1-DfvC3/lsRRuzMu3Pz6r1ZtMx1bM="
    },
    "skeleton-css": {
      "version": "2.0.4",
      "resolved": "https://registry.npmjs.org/skeleton-css/-/skeleton-css-2.0.4.tgz",
      "integrity": "sha1-1w2y8B/oIJrHny9O7oP66KQFkbg="
    },
    "tippy.js": {
      "version": "2.0.8",
      "resolved": "https://registry.npmjs.org/tippy.js/-/tippy.js-2.0.8.tgz",
      "integrity": "sha512-GbEV0iQHE9NS/J3W2OBTM3evYjJV4P88axZeB9E6iyJz8+h/m75fL8wg2OW/U0c98K7qnrgLZ0plPucBpULpDw==",
      "requires": {
        "popper.js": "1.12.9"
      }
    }
  }
}
